
Microsoft Visual Studio Solution File, Format Version 12.00
# Visual Studio Version 17
VisualStudioVersion = 17.7.34031.279
MinimumVisualStudioVersion = 10.0.40219.1
Project("{FAE04EC0-301F-11D3-BF4B-00C04F79EFBC}") = "HostSorrySliders", "HostSorrySliders\HostSorrySliders.csproj", "{85B5DB06-D9C3-4275-83EE-7A06255BD6DB}"
EndProject
Project("{FAE04EC0-301F-11D3-BF4B-00C04F79EFBC}") = "ServidorSorrySliders", "ServidorSorrySliders\ServidorSorrySliders.csproj", "{BD90EDE5-8A70-482D-B0F3-C9D602A0D749}"
EndProject
Project("{FAE04EC0-301F-11D3-BF4B-00C04F79EFBC}") = "DatosSorrySliders", "DatosSorrySliders\DatosSorrySliders.csproj", "{C0A49435-2AA5-43B1-B244-D8F1DF257692}"
EndProject
Project("{FAE04EC0-301F-11D3-BF4B-00C04F79EFBC}") = "PruebasSorrySliders", "PruebasSorrySliders\PruebasSorrySliders.csproj", "{1D9C2FCB-C790-4AA4-8968-DCCEB1E747DA}"
EndProject
Global
	GlobalSection(SolutionConfigurationPlatforms) = preSolution
		Debug|Any CPU = Debug|Any CPU
		Release|Any CPU = Release|Any CPU
	EndGlobalSection
	GlobalSection(ProjectConfigurationPlatforms) = postSolution
		{85B5DB06-D9C3-4275-83EE-7A06255BD6DB}.Debug|Any CPU.ActiveCfg = Debug|Any CPU
		{85B5DB06-D9C3-4275-83EE-7A06255BD6DB}.Debug|Any CPU.Build.0 = Debug|Any CPU
		{85B5DB06-D9C3-4275-83EE-7A06255BD6DB}.Release|Any CPU.ActiveCfg = Release|Any CPU
		{85B5DB06-D9C3-4275-83EE-7A06255BD6DB}.Release|Any CPU.Build.0 = Release|Any CPU
		{BD90EDE5-8A70-482D-B0F3-C9D602A0D749}.Debug|Any CPU.ActiveCfg = Debug|Any CPU
		{BD90EDE5-8A70-482D-B0F3-C9D602A0D749}.Debug|Any CPU.Build.0 = Debug|Any CPU
		{BD90EDE5-8A70-482D-B0F3-C9D602A0D749}.Release|Any CPU.ActiveCfg = Release|Any CPU
		{BD90EDE5-8A70-482D-B0F3-C9D602A0D749}.Release|Any CPU.Build.0 = Release|Any CPU
		{C0A49435-2AA5-43B1-B244-D8F1DF257692}.Debug|Any CPU.ActiveCfg = Debug|Any CPU
		{C0A49435-2AA5-43B1-B244-D8F1DF257692}.Debug|Any CPU.Build.0 = Debug|Any CPU
		{C0A49435-2AA5-43B1-B244-D8F1DF257692}.Release|Any CPU.ActiveCfg = Release|Any CPU
		{C0A49435-2AA5-43B1-B244-D8F1DF257692}.Release|Any CPU.Build.0 = Release|Any CPU
		{1D9C2FCB-C790-4AA4-8968-DCCEB1E747DA}.Debug|Any CPU.ActiveCfg = Debug|Any CPU
		{1D9C2FCB-C790-4AA4-8968-DCCEB1E747DA}.Debug|Any CPU.Build.0 = Debug|Any CPU
		{1D9C2FCB-C790-4AA4-8968-DCCEB1E747DA}.Release|Any CPU.ActiveCfg = Release|Any CPU
		{1D9C2FCB-C790-4AA4-8968-DCCEB1E747DA}.Release|Any CPU.Build.0 = Release|Any CPU
	EndGlobalSection
	GlobalSection(SolutionProperties) = preSolution
		HideSolutionNode = FALSE
	EndGlobalSection
	GlobalSection(ExtensibilityGlobals) = postSolution
		SolutionGuid = {6AFF0DB2-A51F-4123-9E55-783720F91FCC}
	EndGlobalSection
EndGlobal
